# This file is autogenerated, do not edit; changes may be undone by the next 'dep ensure'.


[[projects]]
  name = "github.com/bndr/gotabulate"
  packages = ["."]
  revision = "94ff52dbe671866d4f5cd3463ecdad8ec550e578"
  version = "v1.1.2"

[[projects]]
  branch = "master"
  name = "github.com/thorfour/iex"
  packages = [
    "pkg/api",
    "pkg/endpoint",
    "pkg/types"
  ]
  revision = "de46a67e27e4d9b5a9f60424b454e2afbe1c5bf0"

[[projects]]
  branch = "master"
  name = "golang.org/x/crypto"
  packages = [
    "acme",
    "acme/autocert"
  ]
  revision = "a49355c7e3f8fe157a85be2f77e6e269a0f89602"

[[projects]]
  branch = "master"
  name = "golang.org/x/net"
  packages = [
    "html",
    "html/atom",
    "websocket"
  ]
  revision = "afe8f62b1d6bbd81f31868121a50b06d8188e1f9"

[[projects]]
  name = "gopkg.in/redis.v5"
  packages = [
    ".",
    "internal",
    "internal/consistenthash",
    "internal/hashtag",
    "internal/pool",
    "internal/proto"
  ]
  revision = "a16aeec10ff407b1e7be6dd35797ccf5426ef0f0"
  version = "v5.2.9"

[solve-meta]
  analyzer-name = "dep"
  analyzer-version = 1
  inputs-digest = "61e3a45c3da497a888c2e04f3a6fa6eeb00ec7cee1a1c8561178d43da149cb8d"
  solver-name = "gps-cdcl"
  solver-version = 1
